{
  "name": "vector",
  "version": "0.1.0",
  "lockfileVersion": 3,
  "requires": true,
  "packages": {
    "": {
      "name": "vector",
      "version": "0.1.0",
      "dependencies": {
        "@tauri-apps/plugin-clipboard-manager": "^2.2.1",
        "@tauri-apps/plugin-dialog": "^2.2.0",
        "@tauri-apps/plugin-fs": "^2.2.0",
        "@tauri-apps/plugin-store": "^2.2.0"
      },
      "devDependencies": {
        "@tauri-apps/cli": "^2"
      }
    },
    "node_modules/@tauri-apps/api": {
      "version": "2.2.0",
      "resolved": "https://registry.npmjs.org/@tauri-apps/api/-/api-2.2.0.tgz",
      "integrity": "sha512-R8epOeZl1eJEl603aUMIGb4RXlhPjpgxbGVEaqY+0G5JG9vzV/clNlzTeqc+NLYXVqXcn8mb4c5b9pJIUDEyAg==",
      "funding": {
        "type": "opencollective",
        "url": "https://opencollective.com/tauri"
      }
    },
    "node_modules/@tauri-apps/cli": {
      "version": "2.2.0",
      "resolved": "https://registry.npmjs.org/@tauri-apps/cli/-/cli-2.2.0.tgz",
      "integrity": "sha512-8sA4LBU4kA73SZcL/mLjXvrpJjDqLFLQymg39FDlf3SVWyzbQxCyHBrokCLhUXLenG4qWVCl91oAImC/s47vzA==",
      "dev": true,
      "bin": {
        "tauri": "tauri.js"
      },
      "engines": {
        "node": ">= 10"
      },
      "funding": {
        "type": "opencollective",
        "url": "https://opencollective.com/tauri"
      },
      "optionalDependencies": {
        "@tauri-apps/cli-darwin-arm64": "2.2.0",
        "@tauri-apps/cli-darwin-x64": "2.2.0",
        "@tauri-apps/cli-linux-arm-gnueabihf": "2.2.0",
        "@tauri-apps/cli-linux-arm64-gnu": "2.2.0",
        "@tauri-apps/cli-linux-arm64-musl": "2.2.0",
        "@tauri-apps/cli-linux-x64-gnu": "2.2.0",
        "@tauri-apps/cli-linux-x64-musl": "2.2.0",
        "@tauri-apps/cli-win32-arm64-msvc": "2.2.0",
        "@tauri-apps/cli-win32-ia32-msvc": "2.2.0",
        "@tauri-apps/cli-win32-x64-msvc": "2.2.0"
      }
    },
    "node_modules/@tauri-apps/cli-darwin-arm64": {
      "version": "2.2.0",
      "resolved": "https://registry.npmjs.org/@tauri-apps/cli-darwin-arm64/-/cli-darwin-arm64-2.2.0.tgz",
      "integrity": "sha512-Paxq9JUj1uxV/CDr8hNnr88GcjXLmmX1yBcclQldeUoAoSgsXN1eLLS4e0CHXIzYATmcsSbcl6Zgquo4wW4e9w==",
      "cpu": [
        "arm64"
      ],
      "dev": true,
      "optional": true,
      "os": [
        "darwin"
      ],
      "engines": {
        "node": ">= 10"
      }
    },
    "node_modules/@tauri-apps/cli-darwin-x64": {
      "version": "2.2.0",
      "resolved": "https://registry.npmjs.org/@tauri-apps/cli-darwin-x64/-/cli-darwin-x64-2.2.0.tgz",
      "integrity": "sha512-BpIQxYQmg+vyS4Z4hxnAcrR95Kn2cnQbkA37NZDW0x7nnx+IFTNremU0cxATJQ3vk1PPVi3PQgrnAX5HE5aXKA==",
      "cpu": [
        "x64"
      ],
      "dev": true,
      "optional": true,
      "os": [
        "darwin"
      ],
      "engines": {
        "node": ">= 10"
      }
    },
    "node_modules/@tauri-apps/cli-linux-arm-gnueabihf": {
      "version": "2.2.0",
      "resolved": "https://registry.npmjs.org/@tauri-apps/cli-linux-arm-gnueabihf/-/cli-linux-arm-gnueabihf-2.2.0.tgz",
      "integrity": "sha512-JDYwiELRKKOStSA2QKpGiOZL4si+9ZZcwYCh7DRxnk0csM42vIv0bgcG+ucK5A/gltyDyavZgHNToxFGXaLKXA==",
      "cpu": [
        "arm"
      ],
      "dev": true,
      "optional": true,
      "os": [
        "linux"
      ],
      "engines": {
        "node": ">= 10"
      }
    },
    "node_modules/@tauri-apps/cli-linux-arm64-gnu": {
      "version": "2.2.0",
      "resolved": "https://registry.npmjs.org/@tauri-apps/cli-linux-arm64-gnu/-/cli-linux-arm64-gnu-2.2.0.tgz",
      "integrity": "sha512-ITpT44YDMrg3l0ZQMTeFjj+mRzjCZAGyD3GuJ414aL5X1GWO2CHMdAHYQT9gYtH2OHlixaWq9nRJXDL7W9998w==",
      "cpu": [
        "arm64"
      ],
      "dev": true,
      "optional": true,
      "os": [
        "linux"
      ],
      "engines": {
        "node": ">= 10"
      }
    },
    "node_modules/@tauri-apps/cli-linux-arm64-musl": {
      "version": "2.2.0",
      "resolved": "https://registry.npmjs.org/@tauri-apps/cli-linux-arm64-musl/-/cli-linux-arm64-musl-2.2.0.tgz",
      "integrity": "sha512-sj/NR2O99XeatAh4UgM4MltNipoi4A8ZbMhTb1/FaGEvs/ZVrushIX69hFIyxcHu8Nbe/OkZb5b+N80A/V30jA==",
      "cpu": [
        "arm64"
      ],
      "dev": true,
      "optional": true,
      "os": [
        "linux"
      ],
      "engines": {
        "node": ">= 10"
      }
    },
    "node_modules/@tauri-apps/cli-linux-x64-gnu": {
      "version": "2.2.0",
      "resolved": "https://registry.npmjs.org/@tauri-apps/cli-linux-x64-gnu/-/cli-linux-x64-gnu-2.2.0.tgz",
      "integrity": "sha512-mwX7EzQLKbHZ/VzSksiOLS0uqJUVDqY58cqCj2puiGaPVgCE7bxbKcO6P3PmqYX9P8XWR2K8t922k7K44dScqA==",
      "cpu": [
        "x64"
      ],
      "dev": true,
      "optional": true,
      "os": [
        "linux"
      ],
      "engines": {
        "node": ">= 10"
      }
    },
    "node_modules/@tauri-apps/cli-linux-x64-musl": {
      "version": "2.2.0",
      "resolved": "https://registry.npmjs.org/@tauri-apps/cli-linux-x64-musl/-/cli-linux-x64-musl-2.2.0.tgz",
      "integrity": "sha512-9C8lVjVJPEjMZaOQdKA5SZV1NpjLP690Y9GodRMum5cIDE3T1AVrp9w6vjrsciQN42agTsO8UaREppF6OjxYnA==",
      "cpu": [
        "x64"
      ],
      "dev": true,
      "optional": true,
      "os": [
        "linux"
      ],
      "engines": {
        "node": ">= 10"
      }
    },
    "node_modules/@tauri-apps/cli-win32-arm64-msvc": {
      "version": "2.2.0",
      "resolved": "https://registry.npmjs.org/@tauri-apps/cli-win32-arm64-msvc/-/cli-win32-arm64-msvc-2.2.0.tgz",
      "integrity": "sha512-lbXYsLlvyanx1S/VSiylc6fMsDh1wnBpBid4VxscSfSPyyIOPC/p9uJvcEFWR5Caaet6vUwyJ3iKUaT5yqfsUA==",
      "cpu": [
        "arm64"
      ],
      "dev": true,
      "optional": true,
      "os": [
        "win32"
      ],
      "engines": {
        "node": ">= 10"
      }
    },
    "node_modules/@tauri-apps/cli-win32-ia32-msvc": {
      "version": "2.2.0",
      "resolved": "https://registry.npmjs.org/@tauri-apps/cli-win32-ia32-msvc/-/cli-win32-ia32-msvc-2.2.0.tgz",
      "integrity": "sha512-nlQ2iRFJTuZw5YelO2HNIsrkcZdqlt7HxdMkHJtCQkFReclpSupjbn6CrupIXHYO8NO6LcoDXiteOYhdWh0fJg==",
      "cpu": [
        "ia32"
      ],
      "dev": true,
      "optional": true,
      "os": [
        "win32"
      ],
      "engines": {
        "node": ">= 10"
      }
    },
    "node_modules/@tauri-apps/cli-win32-x64-msvc": {
      "version": "2.2.0",
      "resolved": "https://registry.npmjs.org/@tauri-apps/cli-win32-x64-msvc/-/cli-win32-x64-msvc-2.2.0.tgz",
      "integrity": "sha512-MupuZwaJqJv3YsNCGD0H/98S+7106E6HChGoobuPmN87eCniSL/mSsOaa0cVmxdIAwVcSi0fuDzDBRMt8wOhHw==",
      "cpu": [
        "x64"
      ],
      "dev": true,
      "optional": true,
      "os": [
        "win32"
      ],
      "engines": {
        "node": ">= 10"
      }
    },
    "node_modules/@tauri-apps/plugin-clipboard-manager": {
      "version": "2.2.1",
      "resolved": "https://registry.npmjs.org/@tauri-apps/plugin-clipboard-manager/-/plugin-clipboard-manager-2.2.1.tgz",
      "integrity": "sha512-+7YDULB9Bk4fejxYrVNBQcxs3KsjPA3A3r53wwn7K8zOQvxjNBSYBRx/FW1OUBPGzm8BrreJFBkPVzQZSF2R4A==",
      "dependencies": {
        "@tauri-apps/api": "^2.0.0"
      }
    },
    "node_modules/@tauri-apps/plugin-dialog": {
      "version": "2.2.0",
      "resolved": "https://registry.npmjs.org/@tauri-apps/plugin-dialog/-/plugin-dialog-2.2.0.tgz",
      "integrity": "sha512-6bLkYK68zyK31418AK5fNccCdVuRnNpbxquCl8IqgFByOgWFivbiIlvb79wpSXi0O+8k8RCSsIpOquebusRVSg==",
      "dependencies": {
        "@tauri-apps/api": "^2.0.0"
      }
    },
    "node_modules/@tauri-apps/plugin-fs": {
      "version": "2.2.0",
      "resolved": "https://registry.npmjs.org/@tauri-apps/plugin-fs/-/plugin-fs-2.2.0.tgz",
      "integrity": "sha512-+08mApuONKI8/sCNEZ6AR8vf5vI9DXD4YfrQ9NQmhRxYKMLVhRW164vdW5BSLmMpuevftpQ2FVoL9EFkfG9Z+g==",
      "dependencies": {
        "@tauri-apps/api": "^2.0.0"
      }
    },
    "node_modules/@tauri-apps/plugin-store": {
      "version": "2.2.0",
      "resolved": "https://registry.npmjs.org/@tauri-apps/plugin-store/-/plugin-store-2.2.0.tgz",
      "integrity": "sha512-hJTRtuJis4w5fW1dkcgftsYxKXK0+DbAqurZ3CURHG5WkAyyZgbxpeYctw12bbzF9ZbZREXZklPq8mocCC3Sgg==",
      "dependencies": {
        "@tauri-apps/api": "^2.0.0"
      }
    }
  }
}
